{
  "nodes": {
    "flake-utils": {
      "locked": {
        "lastModified": 1667395993,
        "narHash": "sha256-nuEHfE/LcWyuSWnS8t12N1wc105Qtau+/OdUAjtQ0rA=",
        "owner": "numtide",
        "repo": "flake-utils",
        "rev": "5aed5285a952e0b949eb3ba02c12fa4fcfef535f",
        "type": "github"
      },
      "original": {
        "owner": "numtide",
        "repo": "flake-utils",
        "type": "github"
      }
    },
    "flake-utils_2": {
      "locked": {
        "lastModified": 1667395993,
        "narHash": "sha256-nuEHfE/LcWyuSWnS8t12N1wc105Qtau+/OdUAjtQ0rA=",
        "owner": "numtide",
        "repo": "flake-utils",
        "rev": "5aed5285a952e0b949eb3ba02c12fa4fcfef535f",
        "type": "github"
      },
      "original": {
        "owner": "numtide",
        "repo": "flake-utils",
        "type": "github"
      }
    },
    "nix-filter": {
      "locked": {
        "lastModified": 1666547822,
        "narHash": "sha256-razwnAybPHyoAyhkKCwXdxihIqJi1G6e1XP4FQOJTEs=",
        "owner": "numtide",
        "repo": "nix-filter",
        "rev": "1a3b735e13e90a8d2fd5629f2f8363bd7ffbbec7",
        "type": "github"
      },
      "original": {
        "owner": "numtide",
        "repo": "nix-filter",
        "type": "github"
      }
    },
    "nixpkgs": {
      "inputs": {
        "flake-utils": "flake-utils_2",
        "nixpkgs": "nixpkgs_2"
      },
      "locked": {
        "lastModified": 1667674981,
        "narHash": "sha256-0bR3zYJL5qv1wpZ9nIfYYDCz6HeZSgOa8JMwWjBUXEc=",
        "owner": "nix-ocaml",
        "repo": "nix-overlays",
        "rev": "a3ccabfd068ca45053acb3a75eecb374c8aa001b",
        "type": "github"
      },
      "original": {
        "owner": "nix-ocaml",
        "repo": "nix-overlays",
        "type": "github"
      }
    },
    "nixpkgs_2": {
      "locked": {
        "lastModified": 1667612485,
        "narHash": "sha256-VCotbpxHEs7Tiu/mXpfDcr9nj4UB7/1DkS6ZhND1xeY=",
        "owner": "NixOS",
        "repo": "nixpkgs",
        "rev": "c28018857a879dec571b6e8acf9f2a0f4bb362c6",
        "type": "github"
      },
      "original": {
        "owner": "NixOS",
        "repo": "nixpkgs",
        "rev": "c28018857a879dec571b6e8acf9f2a0f4bb362c6",
        "type": "github"
      }
    },
    "ocaml-overlays": {
      "inputs": {
        "flake-utils": [
          "flake-utils"
        ],
        "nixpkgs": [
          "nixpkgs"
        ]
      },
      "locked": {
        "lastModified": 1667674981,
        "narHash": "sha256-0bR3zYJL5qv1wpZ9nIfYYDCz6HeZSgOa8JMwWjBUXEc=",
        "owner": "nix-ocaml",
        "repo": "nix-overlays",
        "rev": "a3ccabfd068ca45053acb3a75eecb374c8aa001b",
        "type": "github"
      },
      "original": {
        "owner": "nix-ocaml",
        "repo": "nix-overlays",
        "type": "github"
      }
    },
    "root": {
      "inputs": {
        "flake-utils": "flake-utils",
        "nix-filter": "nix-filter",
        "nixpkgs": "nixpkgs",
        "ocaml-overlays": "ocaml-overlays"
      }
    }
  },
  "root": "root",
  "version": 7
}
